
Microsoft Visual Studio Solution File, Format Version 12.00
# Visual Studio Version 17
VisualStudioVersion = 17.5.33627.172
MinimumVisualStudioVersion = 10.0.40219.1
Project("{FAE04EC0-301F-11D3-BF4B-00C04F79EFBC}") = "QuizCSharpForms", "QuizCSharpForms\QuizCSharpForms.csproj", "{257477F3-39D1-4F5E-8FC1-2A4867C4439C}"
EndProject
Global
	GlobalSection(SolutionConfigurationPlatforms) = preSolution
		Debug|Any CPU = Debug|Any CPU
		Release|Any CPU = Release|Any CPU
	EndGlobalSection
	GlobalSection(ProjectConfigurationPlatforms) = postSolution
		{257477F3-39D1-4F5E-8FC1-2A4867C4439C}.Debug|Any CPU.ActiveCfg = Debug|Any CPU
		{257477F3-39D1-4F5E-8FC1-2A4867C4439C}.Debug|Any CPU.Build.0 = Debug|Any CPU
		{257477F3-39D1-4F5E-8FC1-2A4867C4439C}.Release|Any CPU.ActiveCfg = Release|Any CPU
		{257477F3-39D1-4F5E-8FC1-2A4867C4439C}.Release|Any CPU.Build.0 = Release|Any CPU
	EndGlobalSection
	GlobalSection(SolutionProperties) = preSolution
		HideSolutionNode = FALSE
	EndGlobalSection
	GlobalSection(ExtensibilityGlobals) = postSolution
		SolutionGuid = {44E109B0-AF08-48D7-96BF-EADF3A3099AA}
	EndGlobalSection
EndGlobal
